
Microsoft Visual Studio Solution File, Format Version 12.00
# Visual Studio 15
VisualStudioVersion = 15.0.26430.14
MinimumVisualStudioVersion = 10.0.40219.1
Project("{FAE04EC0-301F-11D3-BF4B-00C04F79EFBC}") = "DroneLander.Android", "DroneLander\DroneLander.Android\DroneLander.Android.csproj", "{F39BD335-AEBA-4B58-8CB1-B28C03CCEB7A}"
EndProject
Project("{FAE04EC0-301F-11D3-BF4B-00C04F79EFBC}") = "DroneLander", "DroneLander\DroneLander\DroneLander.csproj", "{7CDE63B4-B757-4505-B734-FB3D476F89B0}"
EndProject
Project("{FAE04EC0-301F-11D3-BF4B-00C04F79EFBC}") = "DroneLander.UWP", "DroneLander\DroneLander.UWP\DroneLander.UWP.csproj", "{A5F69860-E70E-425C-BF4F-8CB1FD182581}"
EndProject
Project("{FAE04EC0-301F-11D3-BF4B-00C04F79EFBC}") = "DroneLander.iOS", "DroneLander\DroneLander.iOS\DroneLander.iOS.csproj", "{A4CDBD16-6B3E-432A-B37F-E64B25640A98}"
EndProject
Global
	GlobalSection(SolutionConfigurationPlatforms) = preSolution
		Ad-Hoc|Any CPU = Ad-Hoc|Any CPU
		Ad-Hoc|ARM = Ad-Hoc|ARM
		Ad-Hoc|iPhone = Ad-Hoc|iPhone
		Ad-Hoc|iPhoneSimulator = Ad-Hoc|iPhoneSimulator
		Ad-Hoc|x64 = Ad-Hoc|x64
		Ad-Hoc|x86 = Ad-Hoc|x86
		AppStore|Any CPU = AppStore|Any CPU
		AppStore|ARM = AppStore|ARM
		AppStore|iPhone = AppStore|iPhone
		AppStore|iPhoneSimulator = AppStore|iPhoneSimulator
		AppStore|x64 = AppStore|x64
		AppStore|x86 = AppStore|x86
		Debug|Any CPU = Debug|Any CPU
		Debug|ARM = Debug|ARM
		Debug|iPhone = Debug|iPhone
		Debug|iPhoneSimulator = Debug|iPhoneSimulator
		Debug|x64 = Debug|x64
		Debug|x86 = Debug|x86
		Release|Any CPU = Release|Any CPU
		Release|ARM = Release|ARM
		Release|iPhone = Release|iPhone
		Release|iPhoneSimulator = Release|iPhoneSimulator
		Release|x64 = Release|x64
		Release|x86 = Release|x86
	EndGlobalSection
	GlobalSection(ProjectConfigurationPlatforms) = postSolution
		{F39BD335-AEBA-4B58-8CB1-B28C03CCEB7A}.Ad-Hoc|Any CPU.ActiveCfg = Release|Any CPU
		{F39BD335-AEBA-4B58-8CB1-B28C03CCEB7A}.Ad-Hoc|Any CPU.Build.0 = Release|Any CPU
		{F39BD335-AEBA-4B58-8CB1-B28C03CCEB7A}.Ad-Hoc|Any CPU.Deploy.0 = Release|Any CPU
		{F39BD335-AEBA-4B58-8CB1-B28C03CCEB7A}.Ad-Hoc|ARM.ActiveCfg = Release|Any CPU
		{F39BD335-AEBA-4B58-8CB1-B28C03CCEB7A}.Ad-Hoc|ARM.Build.0 = Release|Any CPU
		{F39BD335-AEBA-4B58-8CB1-B28C03CCEB7A}.Ad-Hoc|ARM.Deploy.0 = Release|Any CPU
		{F39BD335-AEBA-4B58-8CB1-B28C03CCEB7A}.Ad-Hoc|iPhone.ActiveCfg = Release|Any CPU
		{F39BD335-AEBA-4B58-8CB1-B28C03CCEB7A}.Ad-Hoc|iPhone.Build.0 = Release|Any CPU
		{F39BD335-AEBA-4B58-8CB1-B28C03CCEB7A}.Ad-Hoc|iPhone.Deploy.0 = Release|Any CPU
		{F39BD335-AEBA-4B58-8CB1-B28C03CCEB7A}.Ad-Hoc|iPhoneSimulator.ActiveCfg = Release|Any CPU
		{F39BD335-AEBA-4B58-8CB1-B28C03CCEB7A}.Ad-Hoc|iPhoneSimulator.Build.0 = Release|Any CPU
		{F39BD335-AEBA-4B58-8CB1-B28C03CCEB7A}.Ad-Hoc|iPhoneSimulator.Deploy.0 = Release|Any CPU
		{F39BD335-AEBA-4B58-8CB1-B28C03CCEB7A}.Ad-Hoc|x64.ActiveCfg = Release|Any CPU
		{F39BD335-AEBA-4B58-8CB1-B28C03CCEB7A}.Ad-Hoc|x64.Build.0 = Release|Any CPU
		{F39BD335-AEBA-4B58-8CB1-B28C03CCEB7A}.Ad-Hoc|x64.Deploy.0 = Release|Any CPU
		{F39BD335-AEBA-4B58-8CB1-B28C03CCEB7A}.Ad-Hoc|x86.ActiveCfg = Release|Any CPU
		{F39BD335-AEBA-4B58-8CB1-B28C03CCEB7A}.Ad-Hoc|x86.Build.0 = Release|Any CPU
		{F39BD335-AEBA-4B58-8CB1-B28C03CCEB7A}.Ad-Hoc|x86.Deploy.0 = Release|Any CPU
		{F39BD335-AEBA-4B58-8CB1-B28C03CCEB7A}.AppStore|Any CPU.ActiveCfg = Release|Any CPU
		{F39BD335-AEBA-4B58-8CB1-B28C03CCEB7A}.AppStore|Any CPU.Build.0 = Release|Any CPU
		{F39BD335-AEBA-4B58-8CB1-B28C03CCEB7A}.AppStore|Any CPU.Deploy.0 = Release|Any CPU
		{F39BD335-AEBA-4B58-8CB1-B28C03CCEB7A}.AppStore|ARM.ActiveCfg = Release|Any CPU
		{F39BD335-AEBA-4B58-8CB1-B28C03CCEB7A}.AppStore|ARM.Build.0 = Release|Any CPU
		{F39BD335-AEBA-4B58-8CB1-B28C03CCEB7A}.AppStore|ARM.Deploy.0 = Release|Any CPU
		{F39BD335-AEBA-4B58-8CB1-B28C03CCEB7A}.AppStore|iPhone.ActiveCfg = Release|Any CPU
		{F39BD335-AEBA-4B58-8CB1-B28C03CCEB7A}.AppStore|iPhone.Build.0 = Release|Any CPU
		{F39BD335-AEBA-4B58-8CB1-B28C03CCEB7A}.AppStore|iPhone.Deploy.0 = Release|Any CPU
		{F39BD335-AEBA-4B58-8CB1-B28C03CCEB7A}.AppStore|iPhoneSimulator.ActiveCfg = Release|Any CPU
		{F39BD335-AEBA-4B58-8CB1-B28C03CCEB7A}.AppStore|iPhoneSimulator.Build.0 = Release|Any CPU
		{F39BD335-AEBA-4B58-8CB1-B28C03CCEB7A}.AppStore|iPhoneSimulator.Deploy.0 = Release|Any CPU
		{F39BD335-AEBA-4B58-8CB1-B28C03CCEB7A}.AppStore|x64.ActiveCfg = Release|Any CPU
		{F39BD335-AEBA-4B58-8CB1-B28C03CCEB7A}.AppStore|x64.Build.0 = Release|Any CPU
		{F39BD335-AEBA-4B58-8CB1-B28C03CCEB7A}.AppStore|x64.Deploy.0 = Release|Any CPU
		{F39BD335-AEBA-4B58-8CB1-B28C03CCEB7A}.AppStore|x86.ActiveCfg = Release|Any CPU
		{F39BD335-AEBA-4B58-8CB1-B28C03CCEB7A}.AppStore|x86.Build.0 = Release|Any CPU
		{F39BD335-AEBA-4B58-8CB1-B28C03CCEB7A}.AppStore|x86.Deploy.0 = Release|Any CPU
		{F39BD335-AEBA-4B58-8CB1-B28C03CCEB7A}.Debug|Any CPU.ActiveCfg = Debug|Any CPU
		{F39BD335-AEBA-4B58-8CB1-B28C03CCEB7A}.Debug|Any CPU.Build.0 = Debug|Any CPU
		{F39BD335-AEBA-4B58-8CB1-B28C03CCEB7A}.Debug|Any CPU.Deploy.0 = Debug|Any CPU
		{F39BD335-AEBA-4B58-8CB1-B28C03CCEB7A}.Debug|ARM.ActiveCfg = Debug|Any CPU
		{F39BD335-AEBA-4B58-8CB1-B28C03CCEB7A}.Debug|ARM.Build.0 = Debug|Any CPU
		{F39BD335-AEBA-4B58-8CB1-B28C03CCEB7A}.Debug|ARM.Deploy.0 = Debug|Any CPU
		{F39BD335-AEBA-4B58-8CB1-B28C03CCEB7A}.Debug|iPhone.ActiveCfg = Debug|Any CPU
		{F39BD335-AEBA-4B58-8CB1-B28C03CCEB7A}.Debug|iPhone.Build.0 = Debug|Any CPU
		{F39BD335-AEBA-4B58-8CB1-B28C03CCEB7A}.Debug|iPhone.Deploy.0 = Debug|Any CPU
		{F39BD335-AEBA-4B58-8CB1-B28C03CCEB7A}.Debug|iPhoneSimulator.ActiveCfg = Debug|Any CPU
		{F39BD335-AEBA-4B58-8CB1-B28C03CCEB7A}.Debug|iPhoneSimulator.Build.0 = Debug|Any CPU
		{F39BD335-AEBA-4B58-8CB1-B28C03CCEB7A}.Debug|iPhoneSimulator.Deploy.0 = Debug|Any CPU
		{F39BD335-AEBA-4B58-8CB1-B28C03CCEB7A}.Debug|x64.ActiveCfg = Debug|Any CPU
		{F39BD335-AEBA-4B58-8CB1-B28C03CCEB7A}.Debug|x64.Build.0 = Debug|Any CPU
		{F39BD335-AEBA-4B58-8CB1-B28C03CCEB7A}.Debug|x64.Deploy.0 = Debug|Any CPU
		{F39BD335-AEBA-4B58-8CB1-B28C03CCEB7A}.Debug|x86.ActiveCfg = Debug|Any CPU
		{F39BD335-AEBA-4B58-8CB1-B28C03CCEB7A}.Debug|x86.Build.0 = Debug|Any CPU
		{F39BD335-AEBA-4B58-8CB1-B28C03CCEB7A}.Debug|x86.Deploy.0 = Debug|Any CPU
		{F39BD335-AEBA-4B58-8CB1-B28C03CCEB7A}.Release|Any CPU.ActiveCfg = Release|Any CPU
		{F39BD335-AEBA-4B58-8CB1-B28C03CCEB7A}.Release|Any CPU.Build.0 = Release|Any CPU
		{F39BD335-AEBA-4B58-8CB1-B28C03CCEB7A}.Release|Any CPU.Deploy.0 = Release|Any CPU
		{F39BD335-AEBA-4B58-8CB1-B28C03CCEB7A}.Release|ARM.ActiveCfg = Release|Any CPU
		{F39BD335-AEBA-4B58-8CB1-B28C03CCEB7A}.Release|ARM.Build.0 = Release|Any CPU
		{F39BD335-AEBA-4B58-8CB1-B28C03CCEB7A}.Release|ARM.Deploy.0 = Release|Any CPU
		{F39BD335-AEBA-4B58-8CB1-B28C03CCEB7A}.Release|iPhone.ActiveCfg = Release|Any CPU
		{F39BD335-AEBA-4B58-8CB1-B28C03CCEB7A}.Release|iPhone.Build.0 = Release|Any CPU
		{F39BD335-AEBA-4B58-8CB1-B28C03CCEB7A}.Release|iPhone.Deploy.0 = Release|Any CPU
		{F39BD335-AEBA-4B58-8CB1-B28C03CCEB7A}.Release|iPhoneSimulator.ActiveCfg = Release|Any CPU
		{F39BD335-AEBA-4B58-8CB1-B28C03CCEB7A}.Release|iPhoneSimulator.Build.0 = Release|Any CPU
		{F39BD335-AEBA-4B58-8CB1-B28C03CCEB7A}.Release|iPhoneSimulator.Deploy.0 = Release|Any CPU
		{F39BD335-AEBA-4B58-8CB1-B28C03CCEB7A}.Release|x64.ActiveCfg = Release|Any CPU
		{F39BD335-AEBA-4B58-8CB1-B28C03CCEB7A}.Release|x64.Build.0 = Release|Any CPU
		{F39BD335-AEBA-4B58-8CB1-B28C03CCEB7A}.Release|x64.Deploy.0 = Release|Any CPU
		{F39BD335-AEBA-4B58-8CB1-B28C03CCEB7A}.Release|x86.ActiveCfg = Release|Any CPU
		{F39BD335-AEBA-4B58-8CB1-B28C03CCEB7A}.Release|x86.Build.0 = Release|Any CPU
		{F39BD335-AEBA-4B58-8CB1-B28C03CCEB7A}.Release|x86.Deploy.0 = Release|Any CPU
		{7CDE63B4-B757-4505-B734-FB3D476F89B0}.Ad-Hoc|Any CPU.ActiveCfg = Release|Any CPU
		{7CDE63B4-B757-4505-B734-FB3D476F89B0}.Ad-Hoc|Any CPU.Build.0 = Release|Any CPU
		{7CDE63B4-B757-4505-B734-FB3D476F89B0}.Ad-Hoc|ARM.ActiveCfg = Release|Any CPU
		{7CDE63B4-B757-4505-B734-FB3D476F89B0}.Ad-Hoc|ARM.Build.0 = Release|Any CPU
		{7CDE63B4-B757-4505-B734-FB3D476F89B0}.Ad-Hoc|iPhone.ActiveCfg = Release|Any CPU
		{7CDE63B4-B757-4505-B734-FB3D476F89B0}.Ad-Hoc|iPhone.Build.0 = Release|Any CPU
		{7CDE63B4-B757-4505-B734-FB3D476F89B0}.Ad-Hoc|iPhoneSimulator.ActiveCfg = Release|Any CPU
		{7CDE63B4-B757-4505-B734-FB3D476F89B0}.Ad-Hoc|iPhoneSimulator.Build.0 = Release|Any CPU
		{7CDE63B4-B757-4505-B734-FB3D476F89B0}.Ad-Hoc|x64.ActiveCfg = Release|Any CPU
		{7CDE63B4-B757-4505-B734-FB3D476F89B0}.Ad-Hoc|x64.Build.0 = Release|Any CPU
		{7CDE63B4-B757-4505-B734-FB3D476F89B0}.Ad-Hoc|x86.ActiveCfg = Release|Any CPU
		{7CDE63B4-B757-4505-B734-FB3D476F89B0}.Ad-Hoc|x86.Build.0 = Release|Any CPU
		{7CDE63B4-B757-4505-B734-FB3D476F89B0}.AppStore|Any CPU.ActiveCfg = Release|Any CPU
		{7CDE63B4-B757-4505-B734-FB3D476F89B0}.AppStore|Any CPU.Build.0 = Release|Any CPU
		{7CDE63B4-B757-4505-B734-FB3D476F89B0}.AppStore|ARM.ActiveCfg = Release|Any CPU
		{7CDE63B4-B757-4505-B734-FB3D476F89B0}.AppStore|ARM.Build.0 = Release|Any CPU
		{7CDE63B4-B757-4505-B734-FB3D476F89B0}.AppStore|iPhone.ActiveCfg = Release|Any CPU
		{7CDE63B4-B757-4505-B734-FB3D476F89B0}.AppStore|iPhone.Build.0 = Release|Any CPU
		{7CDE63B4-B757-4505-B734-FB3D476F89B0}.AppStore|iPhoneSimulator.ActiveCfg = Release|Any CPU
		{7CDE63B4-B757-4505-B734-FB3D476F89B0}.AppStore|iPhoneSimulator.Build.0 = Release|Any CPU
		{7CDE63B4-B757-4505-B734-FB3D476F89B0}.AppStore|x64.ActiveCfg = Release|Any CPU
		{7CDE63B4-B757-4505-B734-FB3D476F89B0}.AppStore|x64.Build.0 = Release|Any CPU
		{7CDE63B4-B757-4505-B734-FB3D476F89B0}.AppStore|x86.ActiveCfg = Release|Any CPU
		{7CDE63B4-B757-4505-B734-FB3D476F89B0}.AppStore|x86.Build.0 = Release|Any CPU
		{7CDE63B4-B757-4505-B734-FB3D476F89B0}.Debug|Any CPU.ActiveCfg = Debug|Any CPU
		{7CDE63B4-B757-4505-B734-FB3D476F89B0}.Debug|Any CPU.Build.0 = Debug|Any CPU
		{7CDE63B4-B757-4505-B734-FB3D476F89B0}.Debug|ARM.ActiveCfg = Debug|Any CPU
		{7CDE63B4-B757-4505-B734-FB3D476F89B0}.Debug|ARM.Build.0 = Debug|Any CPU
		{7CDE63B4-B757-4505-B734-FB3D476F89B0}.Debug|iPhone.ActiveCfg = Debug|Any CPU
		{7CDE63B4-B757-4505-B734-FB3D476F89B0}.Debug|iPhone.Build.0 = Debug|Any CPU
		{7CDE63B4-B757-4505-B734-FB3D476F89B0}.Debug|iPhoneSimulator.ActiveCfg = Debug|Any CPU
		{7CDE63B4-B757-4505-B734-FB3D476F89B0}.Debug|iPhoneSimulator.Build.0 = Debug|Any CPU
		{7CDE63B4-B757-4505-B734-FB3D476F89B0}.Debug|x64.ActiveCfg = Debug|Any CPU
		{7CDE63B4-B757-4505-B734-FB3D476F89B0}.Debug|x64.Build.0 = Debug|Any CPU
		{7CDE63B4-B757-4505-B734-FB3D476F89B0}.Debug|x86.ActiveCfg = Debug|Any CPU
		{7CDE63B4-B757-4505-B734-FB3D476F89B0}.Debug|x86.Build.0 = Debug|Any CPU
		{7CDE63B4-B757-4505-B734-FB3D476F89B0}.Release|Any CPU.ActiveCfg = Release|Any CPU
		{7CDE63B4-B757-4505-B734-FB3D476F89B0}.Release|Any CPU.Build.0 = Release|Any CPU
		{7CDE63B4-B757-4505-B734-FB3D476F89B0}.Release|ARM.ActiveCfg = Release|Any CPU
		{7CDE63B4-B757-4505-B734-FB3D476F89B0}.Release|ARM.Build.0 = Release|Any CPU
		{7CDE63B4-B757-4505-B734-FB3D476F89B0}.Release|iPhone.ActiveCfg = Release|Any CPU
		{7CDE63B4-B757-4505-B734-FB3D476F89B0}.Release|iPhone.Build.0 = Release|Any CPU
		{7CDE63B4-B757-4505-B734-FB3D476F89B0}.Release|iPhoneSimulator.ActiveCfg = Release|Any CPU
		{7CDE63B4-B757-4505-B734-FB3D476F89B0}.Release|iPhoneSimulator.Build.0 = Release|Any CPU
		{7CDE63B4-B757-4505-B734-FB3D476F89B0}.Release|x64.ActiveCfg = Release|Any CPU
		{7CDE63B4-B757-4505-B734-FB3D476F89B0}.Release|x64.Build.0 = Release|Any CPU
		{7CDE63B4-B757-4505-B734-FB3D476F89B0}.Release|x86.ActiveCfg = Release|Any CPU
		{7CDE63B4-B757-4505-B734-FB3D476F89B0}.Release|x86.Build.0 = Release|Any CPU
		{A5F69860-E70E-425C-BF4F-8CB1FD182581}.Ad-Hoc|Any CPU.ActiveCfg = Release|x86
		{A5F69860-E70E-425C-BF4F-8CB1FD182581}.Ad-Hoc|Any CPU.Build.0 = Release|x86
		{A5F69860-E70E-425C-BF4F-8CB1FD182581}.Ad-Hoc|Any CPU.Deploy.0 = Release|x86
		{A5F69860-E70E-425C-BF4F-8CB1FD182581}.Ad-Hoc|ARM.ActiveCfg = Release|ARM
		{A5F69860-E70E-425C-BF4F-8CB1FD182581}.Ad-Hoc|ARM.Build.0 = Release|ARM
		{A5F69860-E70E-425C-BF4F-8CB1FD182581}.Ad-Hoc|ARM.Deploy.0 = Release|ARM
		{A5F69860-E70E-425C-BF4F-8CB1FD182581}.Ad-Hoc|iPhone.ActiveCfg = Release|x86
		{A5F69860-E70E-425C-BF4F-8CB1FD182581}.Ad-Hoc|iPhone.Build.0 = Release|x86
		{A5F69860-E70E-425C-BF4F-8CB1FD182581}.Ad-Hoc|iPhone.Deploy.0 = Release|x86
		{A5F69860-E70E-425C-BF4F-8CB1FD182581}.Ad-Hoc|iPhoneSimulator.ActiveCfg = Release|x86
		{A5F69860-E70E-425C-BF4F-8CB1FD182581}.Ad-Hoc|iPhoneSimulator.Build.0 = Release|x86
		{A5F69860-E70E-425C-BF4F-8CB1FD182581}.Ad-Hoc|iPhoneSimulator.Deploy.0 = Release|x86
		{A5F69860-E70E-425C-BF4F-8CB1FD182581}.Ad-Hoc|x64.ActiveCfg = Release|x64
		{A5F69860-E70E-425C-BF4F-8CB1FD182581}.Ad-Hoc|x64.Build.0 = Release|x64
		{A5F69860-E70E-425C-BF4F-8CB1FD182581}.Ad-Hoc|x64.Deploy.0 = Release|x64
		{A5F69860-E70E-425C-BF4F-8CB1FD182581}.Ad-Hoc|x86.ActiveCfg = Release|x86
		{A5F69860-E70E-425C-BF4F-8CB1FD182581}.Ad-Hoc|x86.Build.0 = Release|x86
		{A5F69860-E70E-425C-BF4F-8CB1FD182581}.Ad-Hoc|x86.Deploy.0 = Release|x86
		{A5F69860-E70E-425C-BF4F-8CB1FD182581}.AppStore|Any CPU.ActiveCfg = Release|x86
		{A5F69860-E70E-425C-BF4F-8CB1FD182581}.AppStore|Any CPU.Build.0 = Release|x86
		{A5F69860-E70E-425C-BF4F-8CB1FD182581}.AppStore|Any CPU.Deploy.0 = Release|x86
		{A5F69860-E70E-425C-BF4F-8CB1FD182581}.AppStore|ARM.ActiveCfg = Release|ARM
		{A5F69860-E70E-425C-BF4F-8CB1FD182581}.AppStore|ARM.Build.0 = Release|ARM
		{A5F69860-E70E-425C-BF4F-8CB1FD182581}.AppStore|ARM.Deploy.0 = Release|ARM
		{A5F69860-E70E-425C-BF4F-8CB1FD182581}.AppStore|iPhone.ActiveCfg = Release|x86
		{A5F69860-E70E-425C-BF4F-8CB1FD182581}.AppStore|iPhone.Build.0 = Release|x86
		{A5F69860-E70E-425C-BF4F-8CB1FD182581}.AppStore|iPhone.Deploy.0 = Release|x86
		{A5F69860-E70E-425C-BF4F-8CB1FD182581}.AppStore|iPhoneSimulator.ActiveCfg = Release|x86
		{A5F69860-E70E-425C-BF4F-8CB1FD182581}.AppStore|iPhoneSimulator.Build.0 = Release|x86
		{A5F69860-E70E-425C-BF4F-8CB1FD182581}.AppStore|iPhoneSimulator.Deploy.0 = Release|x86
		{A5F69860-E70E-425C-BF4F-8CB1FD182581}.AppStore|x64.ActiveCfg = Release|x64
		{A5F69860-E70E-425C-BF4F-8CB1FD182581}.AppStore|x64.Build.0 = Release|x64
		{A5F69860-E70E-425C-BF4F-8CB1FD182581}.AppStore|x64.Deploy.0 = Release|x64
		{A5F69860-E70E-425C-BF4F-8CB1FD182581}.AppStore|x86.ActiveCfg = Release|x86
		{A5F69860-E70E-425C-BF4F-8CB1FD182581}.AppStore|x86.Build.0 = Release|x86
		{A5F69860-E70E-425C-BF4F-8CB1FD182581}.AppStore|x86.Deploy.0 = Release|x86
		{A5F69860-E70E-425C-BF4F-8CB1FD182581}.Debug|Any CPU.ActiveCfg = Debug|x86
		{A5F69860-E70E-425C-BF4F-8CB1FD182581}.Debug|Any CPU.Build.0 = Debug|x86
		{A5F69860-E70E-425C-BF4F-8CB1FD182581}.Debug|Any CPU.Deploy.0 = Debug|x86
		{A5F69860-E70E-425C-BF4F-8CB1FD182581}.Debug|ARM.ActiveCfg = Debug|ARM
		{A5F69860-E70E-425C-BF4F-8CB1FD182581}.Debug|ARM.Build.0 = Debug|ARM
		{A5F69860-E70E-425C-BF4F-8CB1FD182581}.Debug|ARM.Deploy.0 = Debug|ARM
		{A5F69860-E70E-425C-BF4F-8CB1FD182581}.Debug|iPhone.ActiveCfg = Debug|x86
		{A5F69860-E70E-425C-BF4F-8CB1FD182581}.Debug|iPhoneSimulator.ActiveCfg = Debug|x86
		{A5F69860-E70E-425C-BF4F-8CB1FD182581}.Debug|x64.ActiveCfg = Debug|x64
		{A5F69860-E70E-425C-BF4F-8CB1FD182581}.Debug|x64.Build.0 = Debug|x64
		{A5F69860-E70E-425C-BF4F-8CB1FD182581}.Debug|x64.Deploy.0 = Debug|x64
		{A5F69860-E70E-425C-BF4F-8CB1FD182581}.Debug|x86.ActiveCfg = Debug|x86
		{A5F69860-E70E-425C-BF4F-8CB1FD182581}.Debug|x86.Build.0 = Debug|x86
		{A5F69860-E70E-425C-BF4F-8CB1FD182581}.Debug|x86.Deploy.0 = Debug|x86
		{A5F69860-E70E-425C-BF4F-8CB1FD182581}.Release|Any CPU.ActiveCfg = Release|x86
		{A5F69860-E70E-425C-BF4F-8CB1FD182581}.Release|ARM.ActiveCfg = Release|ARM
		{A5F69860-E70E-425C-BF4F-8CB1FD182581}.Release|ARM.Build.0 = Release|ARM
		{A5F69860-E70E-425C-BF4F-8CB1FD182581}.Release|ARM.Deploy.0 = Release|ARM
		{A5F69860-E70E-425C-BF4F-8CB1FD182581}.Release|iPhone.ActiveCfg = Release|x86
		{A5F69860-E70E-425C-BF4F-8CB1FD182581}.Release|iPhoneSimulator.ActiveCfg = Release|x86
		{A5F69860-E70E-425C-BF4F-8CB1FD182581}.Release|x64.ActiveCfg = Release|x64
		{A5F69860-E70E-425C-BF4F-8CB1FD182581}.Release|x64.Build.0 = Release|x64
		{A5F69860-E70E-425C-BF4F-8CB1FD182581}.Release|x64.Deploy.0 = Release|x64
		{A5F69860-E70E-425C-BF4F-8CB1FD182581}.Release|x86.ActiveCfg = Release|x86
		{A5F69860-E70E-425C-BF4F-8CB1FD182581}.Release|x86.Build.0 = Release|x86
		{A5F69860-E70E-425C-BF4F-8CB1FD182581}.Release|x86.Deploy.0 = Release|x86
		{A4CDBD16-6B3E-432A-B37F-E64B25640A98}.Ad-Hoc|Any CPU.ActiveCfg = Ad-Hoc|iPhone
		{A4CDBD16-6B3E-432A-B37F-E64B25640A98}.Ad-Hoc|ARM.ActiveCfg = Ad-Hoc|iPhone
		{A4CDBD16-6B3E-432A-B37F-E64B25640A98}.Ad-Hoc|iPhone.ActiveCfg = Ad-Hoc|iPhone
		{A4CDBD16-6B3E-432A-B37F-E64B25640A98}.Ad-Hoc|iPhone.Build.0 = Ad-Hoc|iPhone
		{A4CDBD16-6B3E-432A-B37F-E64B25640A98}.Ad-Hoc|iPhoneSimulator.ActiveCfg = Ad-Hoc|iPhoneSimulator
		{A4CDBD16-6B3E-432A-B37F-E64B25640A98}.Ad-Hoc|iPhoneSimulator.Build.0 = Ad-Hoc|iPhoneSimulator
		{A4CDBD16-6B3E-432A-B37F-E64B25640A98}.Ad-Hoc|x64.ActiveCfg = Ad-Hoc|iPhone
		{A4CDBD16-6B3E-432A-B37F-E64B25640A98}.Ad-Hoc|x86.ActiveCfg = Ad-Hoc|iPhone
		{A4CDBD16-6B3E-432A-B37F-E64B25640A98}.AppStore|Any CPU.ActiveCfg = AppStore|iPhone
		{A4CDBD16-6B3E-432A-B37F-E64B25640A98}.AppStore|ARM.ActiveCfg = AppStore|iPhone
		{A4CDBD16-6B3E-432A-B37F-E64B25640A98}.AppStore|iPhone.ActiveCfg = AppStore|iPhone
		{A4CDBD16-6B3E-432A-B37F-E64B25640A98}.AppStore|iPhone.Build.0 = AppStore|iPhone
		{A4CDBD16-6B3E-432A-B37F-E64B25640A98}.AppStore|iPhoneSimulator.ActiveCfg = AppStore|iPhoneSimulator
		{A4CDBD16-6B3E-432A-B37F-E64B25640A98}.AppStore|iPhoneSimulator.Build.0 = AppStore|iPhoneSimulator
		{A4CDBD16-6B3E-432A-B37F-E64B25640A98}.AppStore|x64.ActiveCfg = AppStore|iPhone
		{A4CDBD16-6B3E-432A-B37F-E64B25640A98}.AppStore|x86.ActiveCfg = AppStore|iPhone
		{A4CDBD16-6B3E-432A-B37F-E64B25640A98}.Debug|Any CPU.ActiveCfg = Debug|iPhone
		{A4CDBD16-6B3E-432A-B37F-E64B25640A98}.Debug|ARM.ActiveCfg = Debug|iPhone
		{A4CDBD16-6B3E-432A-B37F-E64B25640A98}.Debug|iPhone.ActiveCfg = Debug|iPhone
		{A4CDBD16-6B3E-432A-B37F-E64B25640A98}.Debug|iPhone.Build.0 = Debug|iPhone
		{A4CDBD16-6B3E-432A-B37F-E64B25640A98}.Debug|iPhoneSimulator.ActiveCfg = Debug|iPhoneSimulator
		{A4CDBD16-6B3E-432A-B37F-E64B25640A98}.Debug|iPhoneSimulator.Build.0 = Debug|iPhoneSimulator
		{A4CDBD16-6B3E-432A-B37F-E64B25640A98}.Debug|x64.ActiveCfg = Debug|iPhone
		{A4CDBD16-6B3E-432A-B37F-E64B25640A98}.Debug|x86.ActiveCfg = Debug|iPhone
		{A4CDBD16-6B3E-432A-B37F-E64B25640A98}.Release|Any CPU.ActiveCfg = Release|iPhone
		{A4CDBD16-6B3E-432A-B37F-E64B25640A98}.Release|ARM.ActiveCfg = Release|iPhone
		{A4CDBD16-6B3E-432A-B37F-E64B25640A98}.Release|iPhone.ActiveCfg = Release|iPhone
		{A4CDBD16-6B3E-432A-B37F-E64B25640A98}.Release|iPhone.Build.0 = Release|iPhone
		{A4CDBD16-6B3E-432A-B37F-E64B25640A98}.Release|iPhoneSimulator.ActiveCfg = Release|iPhoneSimulator
		{A4CDBD16-6B3E-432A-B37F-E64B25640A98}.Release|iPhoneSimulator.Build.0 = Release|iPhoneSimulator
		{A4CDBD16-6B3E-432A-B37F-E64B25640A98}.Release|x64.ActiveCfg = Release|iPhone
		{A4CDBD16-6B3E-432A-B37F-E64B25640A98}.Release|x86.ActiveCfg = Release|iPhone
	EndGlobalSection
	GlobalSection(SolutionProperties) = preSolution
		HideSolutionNode = FALSE
	EndGlobalSection
EndGlobal
